<?xml version="1.0" encoding="utf-8"?>
<Project ToolsVersion="4.0" xmlns="http://schemas.microsoft.com/developer/msbuild/2003">
  <ItemGroup>
    <Filter Include="Source Files">
      <UniqueIdentifier>{b1aaac25-6848-4ba4-9165-63c5e2e9326f}</UniqueIdentifier>
      <Extensions>cpp;c;cxx;rc;def;r;odl;idl;hpj;bat</Extensions>
    </Filter>
    <Filter Include="Header Files">
      <UniqueIdentifier>{f2a50b38-d571-486e-b24a-49a1b2880276}</UniqueIdentifier>
      <Extensions>h;hpp;hxx;hm;inl</Extensions>
    </Filter>
    <Filter Include="Resource Files">
      <UniqueIdentifier>{18840ccb-c2e7-4940-b787-ca6570febce1}</UniqueIdentifier>
      <Extensions>ico;cur;bmp;dlg;rc2;rct;bin;rgs;gif;jpg;jpeg;jpe</Extensions>
    </Filter>
  </ItemGroup>
  <ItemGroup>
    <ClCompile Include="src\Common.cpp">
      <Filter>Source Files</Filter>
    </ClCompile>
    <ClCompile Include="src\File.cpp">
      <Filter>Source Files</Filter>
    </ClCompile>
    <ClCompile Include="src\Mutex.cpp">
      <Filter>Source Files</Filter>
    </ClCompile>
    <ClCompile Include="src\Tracer.cpp">
      <Filter>Source Files</Filter>
    </ClCompile>
    <ClCompile Include="src\Window.cpp">
      <Filter>Source Files</Filter>
    </ClCompile>
  </ItemGroup>
  <ItemGroup>
    <ClInclude Include="if\Algorithm.h">
      <Filter>Header Files</Filter>
    </ClInclude>
    <ClInclude Include="if\Common.h">
      <Filter>Header Files</Filter>
    </ClInclude>
    <ClInclude Include="if\Defs.h">
      <Filter>Header Files</Filter>
    </ClInclude>
    <ClInclude Include="if\File.h">
      <Filter>Header Files</Filter>
    </ClInclude>
    <ClInclude Include="if\Mutex.h">
      <Filter>Header Files</Filter>
    </ClInclude>
    <ClInclude Include="if\TList.h">
      <Filter>Header Files</Filter>
    </ClInclude>
    <ClInclude Include="if\Tracer.h">
      <Filter>Header Files</Filter>
    </ClInclude>
    <ClInclude Include="if\Types.h">
      <Filter>Header Files</Filter>
    </ClInclude>
    <ClInclude Include="if\Window.h">
      <Filter>Header Files</Filter>
    </ClInclude>
  </ItemGroup>
  <ItemGroup>
    <Text Include="ReadMe.txt" />
  </ItemGroup>
</Project>